
Microsoft Visual Studio Solution File, Format Version 12.00
# Visual Studio Version 17
VisualStudioVersion = 17.10.35013.160
MinimumVisualStudioVersion = 10.0.40219.1
Project("{FAE04EC0-301F-11D3-BF4B-00C04F79EFBC}") = "project-daedalus", "project-daedalus\project-daedalus.csproj", "{0A499D2A-EC2B-4111-96CD-75FD9EF491E5}"
EndProject
Global
	GlobalSection(SolutionConfigurationPlatforms) = preSolution
		Debug|Any CPU = Debug|Any CPU
		Release|Any CPU = Release|Any CPU
	EndGlobalSection
	GlobalSection(ProjectConfigurationPlatforms) = postSolution
		{0A499D2A-EC2B-4111-96CD-75FD9EF491E5}.Debug|Any CPU.ActiveCfg = Debug|Any CPU
		{0A499D2A-EC2B-4111-96CD-75FD9EF491E5}.Debug|Any CPU.Build.0 = Debug|Any CPU
		{0A499D2A-EC2B-4111-96CD-75FD9EF491E5}.Release|Any CPU.ActiveCfg = Release|Any CPU
		{0A499D2A-EC2B-4111-96CD-75FD9EF491E5}.Release|Any CPU.Build.0 = Release|Any CPU
	EndGlobalSection
	GlobalSection(SolutionProperties) = preSolution
		HideSolutionNode = FALSE
	EndGlobalSection
	GlobalSection(ExtensibilityGlobals) = postSolution
		SolutionGuid = {8FCD3593-A7B3-4C02-90DE-F85A2A279D01}
	EndGlobalSection
EndGlobal
